{
  "commit": "2b49de5352e8d8e190db5806ce331bad7e37da60",
  "working_tree_dirty": true,
  "generated_at": "2026-08-07T11:37:40Z",
  "scanned_scope": [
    "index.js",
    "package.json",
    "app.json",
    "metro.config.js",
    "src/**",
    "modules/react-native-audio-pro/**"
  ],
  "excluded_directories": [
    ".git",
    ".expo",
    "node_modules",
    "vendor",
    "build",
    "dist",
    "cache",
    "coverage",
    "output",
    "ios/Pods",
    "android/.gradle",
    "docs/codemap"
  ],
  "fingerprint_algorithm": "sha256 over each module's git-ls-files-sorted tracked path, NUL, current file bytes, NUL",
  "modules": {
    "modules/react-native-audio-pro": {"fingerprint": "575920a2aceaef2b00c9d7dbe4d540d022d3cd8e80db08dfaef18c40ac29e32b", "file_count": 83},
    "root-runtime-config": {"fingerprint": "920a9a4b940a3eb240249cb281431f6dc7199dbd6aa38ba9c78a9bc944568a23", "file_count": 4},
    "src/ambient": {"fingerprint": "b7192145cb710bdbd94e2bad5a30c34e6c11c708fc9eedc1737d41fb45ccb69f", "file_count": 2},
    "src/api": {"fingerprint": "c08d5eb8f4222a8ec8ba1d6378605f6a036eb732372c3ed9e4e1385adfbb020a", "file_count": 22},
    "src/app": {"fingerprint": "35154f08c30f7e6c3de5660ecada4b318042e367828286793c010c814c856fab", "file_count": 63},
    "src/auth": {"fingerprint": "0f0d3c721626330f50bcfdc44a1956f03dc50a7cc69a405a3afb73ad3ae510bf", "file_count": 22},
    "src/bookmarks": {"fingerprint": "6ab5d9307750f5103a884fb97f7e7fca9f0a10fa87c1ced55241eabc6ac95c0c", "file_count": 3},
    "src/carplay": {"fingerprint": "836ec8639b2d76f964b7998709d360a4d5a9d0b032df01f49d66d473fe6e9131", "file_count": 10},
    "src/components": {"fingerprint": "87a9c0938151a1920b5b214b414b5cc7999a9202f983caf08e08ed74b7de63d7", "file_count": 133},
    "src/constants": {"fingerprint": "2ac9fbdc6b72cd29c98ff7895897f5e578b93526113338e9cc982a72dd0eeb92", "file_count": 1},
    "src/data": {"fingerprint": "7c8e1396b6051a7d173df06c4656c961fc2bea3d3eba983a325fa6b05bc9be1a", "file_count": 27},
    "src/global.css": {"fingerprint": "47677595185eecea60a376f6b38714ffac74eff942151556357c31eb1b7b8bb9", "file_count": 1},
    "src/hooks": {"fingerprint": "7d0d0c092d873a1770c3e82358a2fb2e1f44b52a8262e808e5db601eb9256a57", "file_count": 17},
    "src/library": {"fingerprint": "3c4ac67a04cee57692f57a2f3df783a49f3125f7dad044bea9dd6af9b013a02c", "file_count": 4},
    "src/native": {"fingerprint": "031542e5695329e9fa6ed6749210d8b6dc4bf93067732ae0c431eee96db5177d", "file_count": 12},
    "src/navigation": {"fingerprint": "739429de9ea85dd04769758d468bb48d8557edc0df75d76031f4795c929de7b4", "file_count": 4},
    "src/player": {"fingerprint": "8e8189600e5b7608a027c3ff101ed8fd0b232112b1146cc15a10607360344801", "file_count": 31},
    "src/podcast": {"fingerprint": "43e5b782a7d6e649a5ab38f4049130aed5319dbe033a51d55d6c29b7fe09c548", "file_count": 48},
    "src/progress": {"fingerprint": "46e984c68d3067765d337a61d0e7b0c5eae89fe34dc9d47a237c3108ee6379d6", "file_count": 7},
    "src/query": {"fingerprint": "5af7c021d58f02a0375b606102f73742b32d48189a8c306b67eded3ced87cad8", "file_count": 5},
    "src/regression": {"fingerprint": "7ff96bc5aef95bb22b0c38d0d932df538ef00312a78857f7af04b57a7820c48f", "file_count": 1},
    "src/search": {"fingerprint": "053c0e64d0601a6477edd580a6a4eb7fff22abd048f6dcd79772e134a7a7d628", "file_count": 2},
    "src/shared": {"fingerprint": "8d2866a60ec7fbdad2b8106d11d67775771497ded37b42dd039cec6add2b4c0a", "file_count": 6},
    "src/sharing": {"fingerprint": "ec9e68fffeea0ded53954e9d39007f82f027b5b647c12f0701db077dc80d901f", "file_count": 7},
    "src/sort": {"fingerprint": "940766c72f5812edb19ad82ac1f1defdbb6df8a8b274f00b74eb8d8348f62565", "file_count": 3},
    "src/store": {"fingerprint": "accfdb581747c6aec029c92a3c1459a1d80a34772f5f61870bd4a43f7a9bed98", "file_count": 14},
    "src/theme": {"fingerprint": "668c5ec09f6fcbe3acc5de898054dcbe38f7a11dbce40d557767ad89eafa8526", "file_count": 3},
    "src/transcription": {"fingerprint": "e0551a8c69ec34b02341dda891ba0e27ec15e3f59ffcbed0896185d6fe41321f", "file_count": 3},
    "src/types": {"fingerprint": "5c056c500896d1c62ccfcecc09cb53d2c1d5776c34e0ee4f9581f286ad103bf3", "file_count": 3},
    "src/uniwind-types.d.ts": {"fingerprint": "702a4433ebbdb1bd892b67f1ef78f81c8c04ede454ebd84740593cd51331f429", "file_count": 1},
    "src/utils": {"fingerprint": "d0af7229adc5326984a55ee65c01f51b33413a45c0024e41fdacb9340a3204ad", "file_count": 5},
    "src/widgets": {"fingerprint": "a50c377d00dee9a10630e933923dc3f2fca419b95fe64dd868162ab600571a9f", "file_count": 11}
  }
}
